
Microsoft Visual Studio Solution File, Format Version 12.00
# Visual Studio Version 16
VisualStudioVersion = 16.0.31613.86
MinimumVisualStudioVersion = 10.0.40219.1
Project("{FAE04EC0-301F-11D3-BF4B-00C04F79EFBC}") = "eCommerceAPI1", "eCommerceAPI1\eCommerceAPI1.csproj", "{3768213D-81D8-4DFA-B64E-3F3F2C1F2A8C}"
EndProject
Global
	GlobalSection(SolutionConfigurationPlatforms) = preSolution
		Debug|Any CPU = Debug|Any CPU
		Release|Any CPU = Release|Any CPU
	EndGlobalSection
	GlobalSection(ProjectConfigurationPlatforms) = postSolution
		{3768213D-81D8-4DFA-B64E-3F3F2C1F2A8C}.Debug|Any CPU.ActiveCfg = Debug|Any CPU
		{3768213D-81D8-4DFA-B64E-3F3F2C1F2A8C}.Debug|Any CPU.Build.0 = Debug|Any CPU
		{3768213D-81D8-4DFA-B64E-3F3F2C1F2A8C}.Release|Any CPU.ActiveCfg = Release|Any CPU
		{3768213D-81D8-4DFA-B64E-3F3F2C1F2A8C}.Release|Any CPU.Build.0 = Release|Any CPU
	EndGlobalSection
	GlobalSection(SolutionProperties) = preSolution
		HideSolutionNode = FALSE
	EndGlobalSection
	GlobalSection(ExtensibilityGlobals) = postSolution
		SolutionGuid = {BFFA343B-FE73-462C-B627-0E08CFE9F761}
	EndGlobalSection
EndGlobal
